// !$*UTF8*$!
{
	archiveVersion = 1;
	classes = {
	};
	objectVersion = 46;
	objects = {

/* Begin PBXBuildFile section */
		5CD0C5501A9E8822000B0AAF /* AppDelegate.swift in Sources */ = {isa = PBXBuildFile; fileRef = 5CD0C54F1A9E8822000B0AAF /* AppDelegate.swift */; };
		5CD0C5531A9E8822000B0AAF /* FlickrSearch.xcdatamodeld in Sources */ = {isa = PBXBuildFile; fileRef = 5CD0C5511A9E8822000B0AAF /* FlickrSearch.xcdatamodeld */; };
		5CD0C5581A9E8822000B0AAF /* Main.storyboard in Resources */ = {isa = PBXBuildFile; fileRef = 5CD0C5561A9E8822000B0AAF /* Main.storyboard */; };
		5CD0C55A1A9E8822000B0AAF /* Images.xcassets in Resources */ = {isa = PBXBuildFile; fileRef = 5CD0C5591A9E8822000B0AAF /* Images.xcassets */; };
		5CD0C55D1A9E8822000B0AAF /* LaunchScreen.xib in Resources */ = {isa = PBXBuildFile; fileRef = 5CD0C55B1A9E8822000B0AAF /* LaunchScreen.xib */; };
		5CD0C5691A9E8822000B0AAF /* FlickrSearchTests.swift in Sources */ = {isa = PBXBuildFile; fileRef = 5CD0C5681A9E8822000B0AAF /* FlickrSearchTests.swift */; };
		5CD0C5731A9E88DB000B0AAF /* FlickrPhotosViewController.swift in Sources */ = {isa = PBXBuildFile; fileRef = 5CD0C5721A9E88DB000B0AAF /* FlickrPhotosViewController.swift */; };
		5CD0C5751A9E89B0000B0AAF /* FlickrSearcher.swift in Sources */ = {isa = PBXBuildFile; fileRef = 5CD0C5741A9E89B0000B0AAF /* FlickrSearcher.swift */; };
		5CD0C5791A9E8D2E000B0AAF /* FlickrPhotoCell.swift in Sources */ = {isa = PBXBuildFile; fileRef = 5CD0C5781A9E8D2E000B0AAF /* FlickrPhotoCell.swift */; };
		5CD0C57D1A9E8EB0000B0AAF /* FlickrPhotoHeaderView.swift in Sources */ = {isa = PBXBuildFile; fileRef = 5CD0C57C1A9E8EB0000B0AAF /* FlickrPhotoHeaderView.swift */; };
/* End PBXBuildFile section */

/* Begin PBXContainerItemProxy section */
		5CD0C5631A9E8822000B0AAF /* PBXContainerItemProxy */ = {
			isa = PBXContainerItemProxy;
			containerPortal = 5CD0C5421A9E8822000B0AAF /* Project object */;
			proxyType = 1;
			remoteGlobalIDString = 5CD0C5491A9E8822000B0AAF;
			remoteInfo = FlickrSearch;
		};
/* End PBXContainerItemProxy section */

/* Begin PBXFileReference section */
		5CD0C54A1A9E8822000B0AAF /* FlickrSearch.app */ = {isa = PBXFileReference; explicitFileType = wrapper.application; includeInIndex = 0; path = FlickrSearch.app; sourceTree = BUILT_PRODUCTS_DIR; };
		5CD0C54E1A9E8822000B0AAF /* Info.plist */ = {isa = PBXFileReference; lastKnownFileType = text.plist.xml; path = Info.plist; sourceTree = "<group>"; };
		5CD0C54F1A9E8822000B0AAF /* AppDelegate.swift */ = {isa = PBXFileReference; lastKnownFileType = sourcecode.swift; path = AppDelegate.swift; sourceTree = "<group>"; };
		5CD0C5521A9E8822000B0AAF /* FlickrSearch.xcdatamodel */ = {isa = PBXFileReference; lastKnownFileType = wrapper.xcdatamodel; path = FlickrSearch.xcdatamodel; sourceTree = "<group>"; };
		5CD0C5571A9E8822000B0AAF /* Base */ = {isa = PBXFileReference; lastKnownFileType = file.storyboard; name = Base; path = Base.lproj/Main.storyboard; sourceTree = "<group>"; };
		5CD0C5591A9E8822000B0AAF /* Images.xcassets */ = {isa = PBXFileReference; lastKnownFileType = folder.assetcatalog; path = Images.xcassets; sourceTree = "<group>"; };
		5CD0C55C1A9E8822000B0AAF /* Base */ = {isa = PBXFileReference; lastKnownFileType = file.xib; name = Base; path = Base.lproj/LaunchScreen.xib; sourceTree = "<group>"; };
		5CD0C5621A9E8822000B0AAF /* FlickrSearchTests.xctest */ = {isa = PBXFileReference; explicitFileType = wrapper.cfbundle; includeInIndex = 0; path = FlickrSearchTests.xctest; sourceTree = BUILT_PRODUCTS_DIR; };
		5CD0C5671A9E8822000B0AAF /* Info.plist */ = {isa = PBXFileReference; lastKnownFileType = text.plist.xml; path = Info.plist; sourceTree = "<group>"; };
		5CD0C5681A9E8822000B0AAF /* FlickrSearchTests.swift */ = {isa = PBXFileReference; lastKnownFileType = sourcecode.swift; path = FlickrSearchTests.swift; sourceTree = "<group>"; };
		5CD0C5721A9E88DB000B0AAF /* FlickrPhotosViewController.swift */ = {isa = PBXFileReference; fileEncoding = 4; lastKnownFileType = sourcecode.swift; path = FlickrPhotosViewController.swift; sourceTree = "<group>"; };
		5CD0C5741A9E89B0000B0AAF /* FlickrSearcher.swift */ = {isa = PBXFileReference; fileEncoding = 4; lastKnownFileType = sourcecode.swift; path = FlickrSearcher.swift; sourceTree = "<group>"; };
		5CD0C5781A9E8D2E000B0AAF /* FlickrPhotoCell.swift */ = {isa = PBXFileReference; fileEncoding = 4; lastKnownFileType = sourcecode.swift; name = FlickrPhotoCell.swift; path = ../FlickrPhotoCell.swift; sourceTree = "<group>"; };
		5CD0C57C1A9E8EB0000B0AAF /* FlickrPhotoHeaderView.swift */ = {isa = PBXFileReference; fileEncoding = 4; lastKnownFileType = sourcecode.swift; name = FlickrPhotoHeaderView.swift; path = ../FlickrPhotoHeaderView.swift; sourceTree = "<group>"; };
/* End PBXFileReference section */

/* Begin PBXFrameworksBuildPhase section */
		5CD0C5471A9E8822000B0AAF /* Frameworks */ = {
			isa = PBXFrameworksBuildPhase;
			buildActionMask = 2147483647;
			files = (
			);
			runOnlyForDeploymentPostprocessing = 0;
		};
		5CD0C55F1A9E8822000B0AAF /* Frameworks */ = {
			isa = PBXFrameworksBuildPhase;
			buildActionMask = 2147483647;
			files = (
			);
			runOnlyForDeploymentPostprocessing = 0;
		};
/* End PBXFrameworksBuildPhase section */

/* Begin PBXGroup section */
		5CD0C5411A9E8822000B0AAF = {
			isa = PBXGroup;
			children = (
				5CD0C54C1A9E8822000B0AAF /* FlickrSearch */,
				5CD0C5651A9E8822000B0AAF /* FlickrSearchTests */,
				5CD0C54B1A9E8822000B0AAF /* Products */,
			);
			sourceTree = "<group>";
		};
		5CD0C54B1A9E8822000B0AAF /* Products */ = {
			isa = PBXGroup;
			children = (
				5CD0C54A1A9E8822000B0AAF /* FlickrSearch.app */,
				5CD0C5621A9E8822000B0AAF /* FlickrSearchTests.xctest */,
			);
			name = Products;
			sourceTree = "<group>";
		};
		5CD0C54C1A9E8822000B0AAF /* FlickrSearch */ = {
			isa = PBXGroup;
			children = (
				5CD0C54F1A9E8822000B0AAF /* AppDelegate.swift */,
				5CD0C5561A9E8822000B0AAF /* Main.storyboard */,
				5CD0C57C1A9E8EB0000B0AAF /* FlickrPhotoHeaderView.swift */,
				5CD0C5721A9E88DB000B0AAF /* FlickrPhotosViewController.swift */,
				5CD0C5781A9E8D2E000B0AAF /* FlickrPhotoCell.swift */,
				5CD0C5741A9E89B0000B0AAF /* FlickrSearcher.swift */,
				5CD0C5591A9E8822000B0AAF /* Images.xcassets */,
				5CD0C55B1A9E8822000B0AAF /* LaunchScreen.xib */,
				5CD0C5511A9E8822000B0AAF /* FlickrSearch.xcdatamodeld */,
				5CD0C54D1A9E8822000B0AAF /* Supporting Files */,
			);
			path = FlickrSearch;
			sourceTree = "<group>";
		};
		5CD0C54D1A9E8822000B0AAF /* Supporting Files */ = {
			isa = PBXGroup;
			children = (
				5CD0C54E1A9E8822000B0AAF /* Info.plist */,
			);
			name = "Supporting Files";
			sourceTree = "<group>";
		};
		5CD0C5651A9E8822000B0AAF /* FlickrSearchTests */ = {
			isa = PBXGroup;
			children = (
				5CD0C5681A9E8822000B0AAF /* FlickrSearchTests.swift */,
				5CD0C5661A9E8822000B0AAF /* Supporting Files */,
			);
			path = FlickrSearchTests;
			sourceTree = "<group>";
		};
		5CD0C5661A9E8822000B0AAF /* Supporting Files */ = {
			isa = PBXGroup;
			children = (
				5CD0C5671A9E8822000B0AAF /* Info.plist */,
			);
			name = "Supporting Files";
			sourceTree = "<group>";
		};
/* End PBXGroup section */

/* Begin PBXNativeTarget section */
		5CD0C5491A9E8822000B0AAF /* FlickrSearch */ = {
			isa = PBXNativeTarget;
			buildConfigurationList = 5CD0C56C1A9E8822000B0AAF /* Build configuration list for PBXNativeTarget "FlickrSearch" */;
			buildPhases = (
				5CD0C5461A9E8822000B0AAF /* Sources */,
				5CD0C5471A9E8822000B0AAF /* Frameworks */,
				5CD0C5481A9E8822000B0AAF /* Resources */,
			);
			buildRules = (
			);
			dependencies = (
			);
			name = FlickrSearch;
			productName = FlickrSearch;
			productReference = 5CD0C54A1A9E8822000B0AAF /* FlickrSearch.app */;
			productType = "com.apple.product-type.application";
		};
		5CD0C5611A9E8822000B0AAF /* FlickrSearchTests */ = {
			isa = PBXNativeTarget;
			buildConfigurationList = 5CD0C56F1A9E8822000B0AAF /* Build configuration list for PBXNativeTarget "FlickrSearchTests" */;
			buildPhases = (
				5CD0C55E1A9E8822000B0AAF /* Sources */,
				5CD0C55F1A9E8822000B0AAF /* Frameworks */,
				5CD0C5601A9E8822000B0AAF /* Resources */,
			);
			buildRules = (
			);
			dependencies = (
				5CD0C5641A9E8822000B0AAF /* PBXTargetDependency */,
			);
			name = FlickrSearchTests;
			productName = FlickrSearchTests;
			productReference = 5CD0C5621A9E8822000B0AAF /* FlickrSearchTests.xctest */;
			productType = "com.apple.product-type.bundle.unit-test";
		};
/* End PBXNativeTarget section */

/* Begin PBXProject section */
		5CD0C5421A9E8822000B0AAF /* Project object */ = {
			isa = PBXProject;
			attributes = {
				LastUpgradeCheck = 0610;
				ORGANIZATIONNAME = "Joshua O'Connor";
				TargetAttributes = {
					5CD0C5491A9E8822000B0AAF = {
						CreatedOnToolsVersion = 6.1.1;
					};
					5CD0C5611A9E8822000B0AAF = {
						CreatedOnToolsVersion = 6.1.1;
						TestTargetID = 5CD0C5491A9E8822000B0AAF;
					};
				};
			};
			buildConfigurationList = 5CD0C5451A9E8822000B0AAF /* Build configuration list for PBXProject "FlickrSearch" */;
			compatibilityVersion = "Xcode 3.2";
			developmentRegion = English;
			hasScannedForEncodings = 0;
			knownRegions = (
				en,
				Base,
			);
			mainGroup = 5CD0C5411A9E8822000B0AAF;
			productRefGroup = 5CD0C54B1A9E8822000B0AAF /* Products */;
			projectDirPath = "";
			projectRoot = "";
			targets = (
				5CD0C5491A9E8822000B0AAF /* FlickrSearch */,
				5CD0C5611A9E8822000B0AAF /* FlickrSearchTests */,
			);
		};
/* End PBXProject section */

/* Begin PBXResourcesBuildPhase section */
		5CD0C5481A9E8822000B0AAF /* Resources */ = {
			isa = PBXResourcesBuildPhase;
			buildActionMask = 2147483647;
			files = (
				5CD0C5581A9E8822000B0AAF /* Main.storyboard in Resources */,
				5CD0C55D1A9E8822000B0AAF /* LaunchScreen.xib in Resources */,
				5CD0C55A1A9E8822000B0AAF /* Images.xcassets in Resources */,
			);
			runOnlyForDeploymentPostprocessing = 0;
		};
		5CD0C5601A9E8822000B0AAF /* Resources */ = {
			isa = PBXResourcesBuildPhase;
			buildActionMask = 2147483647;
			files = (
			);
			runOnlyForDeploymentPostprocessing = 0;
		};
/* End PBXResourcesBuildPhase section */

/* Begin PBXSourcesBuildPhase section */
		5CD0C5461A9E8822000B0AAF /* Sources */ = {
			isa = PBXSourcesBuildPhase;
			buildActionMask = 2147483647;
			files = (
				5CD0C5731A9E88DB000B0AAF /* FlickrPhotosViewController.swift in Sources */,
				5CD0C5531A9E8822000B0AAF /* FlickrSearch.xcdatamodeld in Sources */,
				5CD0C5791A9E8D2E000B0AAF /* FlickrPhotoCell.swift in Sources */,
				5CD0C5501A9E8822000B0AAF /* AppDelegate.swift in Sources */,
				5CD0C5751A9E89B0000B0AAF /* FlickrSearcher.swift in Sources */,
				5CD0C57D1A9E8EB0000B0AAF /* FlickrPhotoHeaderView.swift in Sources */,
			);
			runOnlyForDeploymentPostprocessing = 0;
		};
		5CD0C55E1A9E8822000B0AAF /* Sources */ = {
			isa = PBXSourcesBuildPhase;
			buildActionMask = 2147483647;
			files = (
				5CD0C5691A9E8822000B0AAF /* FlickrSearchTests.swift in Sources */,
			);
			runOnlyForDeploymentPostprocessing = 0;
		};
/* End PBXSourcesBuildPhase section */

/* Begin PBXTargetDependency section */
		5CD0C5641A9E8822000B0AAF /* PBXTargetDependency */ = {
			isa = PBXTargetDependency;
			target = 5CD0C5491A9E8822000B0AAF /* FlickrSearch */;
			targetProxy = 5CD0C5631A9E8822000B0AAF /* PBXContainerItemProxy */;
		};
/* End PBXTargetDependency section */

/* Begin PBXVariantGroup section */
		5CD0C5561A9E8822000B0AAF /* Main.storyboard */ = {
			isa = PBXVariantGroup;
			children = (
				5CD0C5571A9E8822000B0AAF /* Base */,
			);
			name = Main.storyboard;
			sourceTree = "<group>";
		};
		5CD0C55B1A9E8822000B0AAF /* LaunchScreen.xib */ = {
			isa = PBXVariantGroup;
			children = (
				5CD0C55C1A9E8822000B0AAF /* Base */,
			);
			name = LaunchScreen.xib;
			sourceTree = "<group>";
		};
/* End PBXVariantGroup section */

/* Begin XCBuildConfiguration section */
		5CD0C56A1A9E8822000B0AAF /* Debug */ = {
			isa = XCBuildConfiguration;
			buildSettings = {
				ALWAYS_SEARCH_USER_PATHS = NO;
				CLANG_CXX_LANGUAGE_STANDARD = "gnu++0x";
				CLANG_CXX_LIBRARY = "libc++";
				CLANG_ENABLE_MODULES = YES;
				CLANG_ENABLE_OBJC_ARC = YES;
				CLANG_WARN_BOOL_CONVERSION = YES;
				CLANG_WARN_CONSTANT_CONVERSION = YES;
				CLANG_WARN_DIRECT_OBJC_ISA_USAGE = YES_ERROR;
				CLANG_WARN_EMPTY_BODY = YES;
				CLANG_WARN_ENUM_CONVERSION = YES;
				CLANG_WARN_INT_CONVERSION = YES;
				CLANG_WARN_OBJC_ROOT_CLASS = YES_ERROR;
				CLANG_WARN_UNREACHABLE_CODE = YES;
				CLANG_WARN__DUPLICATE_METHOD_MATCH = YES;
				"CODE_SIGN_IDENTITY[sdk=iphoneos*]" = "iPhone Developer";
				COPY_PHASE_STRIP = NO;
				ENABLE_STRICT_OBJC_MSGSEND = YES;
				GCC_C_LANGUAGE_STANDARD = gnu99;
				GCC_DYNAMIC_NO_PIC = NO;
				GCC_OPTIMIZATION_LEVEL = 0;
				GCC_PREPROCESSOR_DEFINITIONS = (
					"DEBUG=1",
					"$(inherited)",
				);
				GCC_SYMBOLS_PRIVATE_EXTERN = NO;
				GCC_WARN_64_TO_32_BIT_CONVERSION = YES;
				GCC_WARN_ABOUT_RETURN_TYPE = YES_ERROR;
				GCC_WARN_UNDECLARED_SELECTOR = YES;
				GCC_WARN_UNINITIALIZED_AUTOS = YES_AGGRESSIVE;
				GCC_WARN_UNUSED_FUNCTION = YES;
				GCC_WARN_UNUSED_VARIABLE = YES;
				IPHONEOS_DEPLOYMENT_TARGET = 8.1;
				MTL_ENABLE_DEBUG_INFO = YES;
				ONLY_ACTIVE_ARCH = YES;
				SDKROOT = iphoneos;
				SWIFT_OPTIMIZATION_LEVEL = "-Onone";
				TARGETED_DEVICE_FAMILY = "1,2";
			};
			name = Debug;
		};
		5CD0C56B1A9E8822000B0AAF /* Release */ = {
			isa = XCBuildConfiguration;
			buildSettings = {
				ALWAYS_SEARCH_USER_PATHS = NO;
				CLANG_CXX_LANGUAGE_STANDARD = "gnu++0x";
				CLANG_CXX_LIBRARY = "libc++";
				CLANG_ENABLE_MODULES = YES;
				CLANG_ENABLE_OBJC_ARC = YES;
				CLANG_WARN_BOOL_CONVERSION = YES;
				CLANG_WARN_CONSTANT_CONVERSION = YES;
				CLANG_WARN_DIRECT_OBJC_ISA_USAGE = YES_ERROR;
				CLANG_WARN_EMPTY_BODY = YES;
				CLANG_WARN_ENUM_CONVERSION = YES;
				CLANG_WARN_INT_CONVERSION = YES;
				CLANG_WARN_OBJC_ROOT_CLASS = YES_ERROR;
				CLANG_WARN_UNREACHABLE_CODE = YES;
				CLANG_WARN__DUPLICATE_METHOD_MATCH = YES;
				"CODE_SIGN_IDENTITY[sdk=iphoneos*]" = "iPhone Developer";
				COPY_PHASE_STRIP = YES;
				ENABLE_NS_ASSERTIONS = NO;
				ENABLE_STRICT_OBJC_MSGSEND = YES;
				GCC_C_LANGUAGE_STANDARD = gnu99;
				GCC_WARN_64_TO_32_BIT_CONVERSION = YES;
				GCC_WARN_ABOUT_RETURN_TYPE = YES_ERROR;
				GCC_WARN_UNDECLARED_SELECTOR = YES;
				GCC_WARN_UNINITIALIZED_AUTOS = YES_AGGRESSIVE;
				GCC_WARN_UNUSED_FUNCTION = YES;
				GCC_WARN_UNUSED_VARIABLE = YES;
				IPHONEOS_DEPLOYMENT_TARGET = 8.1;
				MTL_ENABLE_DEBUG_INFO = NO;
				SDKROOT = iphoneos;
				TARGETED_DEVICE_FAMILY = "1,2";
				VALIDATE_PRODUCT = YES;
			};
			name = Release;
		};
		5CD0C56D1A9E8822000B0AAF /* Debug */ = {
			isa = XCBuildConfiguration;
			buildSettings = {
				ASSETCATALOG_COMPILER_APPICON_NAME = AppIcon;
				INFOPLIST_FILE = FlickrSearch/Info.plist;
				LD_RUNPATH_SEARCH_PATHS = "$(inherited) @executable_path/Frameworks";
				PRODUCT_NAME = "$(TARGET_NAME)";
			};
			name = Debug;
		};
		5CD0C56E1A9E8822000B0AAF /* Release */ = {
			isa = XCBuildConfiguration;
			buildSettings = {
				ASSETCATALOG_COMPILER_APPICON_NAME = AppIcon;
				INFOPLIST_FILE = FlickrSearch/Info.plist;
				LD_RUNPATH_SEARCH_PATHS = "$(inherited) @executable_path/Frameworks";
				PRODUCT_NAME = "$(TARGET_NAME)";
			};
			name = Release;
		};
		5CD0C5701A9E8822000B0AAF /* Debug */ = {
			isa = XCBuildConfiguration;
			buildSettings = {
				BUNDLE_LOADER = "$(TEST_HOST)";
				FRAMEWORK_SEARCH_PATHS = (
					"$(SDKROOT)/Developer/Library/Frameworks",
					"$(inherited)",
				);
				GCC_PREPROCESSOR_DEFINITIONS = (
					"DEBUG=1",
					"$(inherited)",
				);
				INFOPLIST_FILE = FlickrSearchTests/Info.plist;
				LD_RUNPATH_SEARCH_PATHS = "$(inherited) @executable_path/Frameworks @loader_path/Frameworks";
				PRODUCT_NAME = "$(TARGET_NAME)";
				TEST_HOST = "$(BUILT_PRODUCTS_DIR)/FlickrSearch.app/FlickrSearch";
			};
			name = Debug;
		};
		5CD0C5711A9E8822000B0AAF /* Release */ = {
			isa = XCBuildConfiguration;
			buildSettings = {
				BUNDLE_LOADER = "$(TEST_HOST)";
				FRAMEWORK_SEARCH_PATHS = (
					"$(SDKROOT)/Developer/Library/Frameworks",
					"$(inherited)",
				);
				INFOPLIST_FILE = FlickrSearchTests/Info.plist;
				LD_RUNPATH_SEARCH_PATHS = "$(inherited) @executable_path/Frameworks @loader_path/Frameworks";
				PRODUCT_NAME = "$(TARGET_NAME)";
				TEST_HOST = "$(BUILT_PRODUCTS_DIR)/FlickrSearch.app/FlickrSearch";
			};
			name = Release;
		};
/* End XCBuildConfiguration section */

/* Begin XCConfigurationList section */
		5CD0C5451A9E8822000B0AAF /* Build configuration list for PBXProject "FlickrSearch" */ = {
			isa = XCConfigurationList;
			buildConfigurations = (
				5CD0C56A1A9E8822000B0AAF /* Debug */,
				5CD0C56B1A9E8822000B0AAF /* Release */,
			);
			defaultConfigurationIsVisible = 0;
			defaultConfigurationName = Release;
		};
		5CD0C56C1A9E8822000B0AAF /* Build configuration list for PBXNativeTarget "FlickrSearch" */ = {
			isa = XCConfigurationList;
			buildConfigurations = (
				5CD0C56D1A9E8822000B0AAF /* Debug */,
				5CD0C56E1A9E8822000B0AAF /* Release */,
			);
			defaultConfigurationIsVisible = 0;
		};
		5CD0C56F1A9E8822000B0AAF /* Build configuration list for PBXNativeTarget "FlickrSearchTests" */ = {
			isa = XCConfigurationList;
			buildConfigurations = (
				5CD0C5701A9E8822000B0AAF /* Debug */,
				5CD0C5711A9E8822000B0AAF /* Release */,
			);
			defaultConfigurationIsVisible = 0;
		};
/* End XCConfigurationList section */

/* Begin XCVersionGroup section */
		5CD0C5511A9E8822000B0AAF /* FlickrSearch.xcdatamodeld */ = {
			isa = XCVersionGroup;
			children = (
				5CD0C5521A9E8822000B0AAF /* FlickrSearch.xcdatamodel */,
			);
			currentVersion = 5CD0C5521A9E8822000B0AAF /* FlickrSearch.xcdatamodel */;
			path = FlickrSearch.xcdatamodeld;
			sourceTree = "<group>";
			versionGroupType = wrapper.xcdatamodel;
		};
/* End XCVersionGroup section */
	};
	rootObject = 5CD0C5421A9E8822000B0AAF /* Project object */;
}
